
Microsoft Visual Studio Solution File, Format Version 12.00
# Visual Studio Version 17
VisualStudioVersion = 17.10.35013.160
MinimumVisualStudioVersion = 10.0.40219.1
Project("{9A19103F-16F7-4668-BE54-9A1E7A4F7556}") = "SBHI", "SBHI\src\SBHI\SBHI.csproj", "{A58D94B0-C620-45A6-AF8C-1524DD32D579}"
EndProject
Global
	GlobalSection(SolutionConfigurationPlatforms) = preSolution
		Debug|Any CPU = Debug|Any CPU
		Release|Any CPU = Release|Any CPU
	EndGlobalSection
	GlobalSection(ProjectConfigurationPlatforms) = postSolution
		{A58D94B0-C620-45A6-AF8C-1524DD32D579}.Debug|Any CPU.ActiveCfg = Debug|Any CPU
		{A58D94B0-C620-45A6-AF8C-1524DD32D579}.Debug|Any CPU.Build.0 = Debug|Any CPU
		{A58D94B0-C620-45A6-AF8C-1524DD32D579}.Release|Any CPU.ActiveCfg = Release|Any CPU
		{A58D94B0-C620-45A6-AF8C-1524DD32D579}.Release|Any CPU.Build.0 = Release|Any CPU
	EndGlobalSection
	GlobalSection(SolutionProperties) = preSolution
		HideSolutionNode = FALSE
	EndGlobalSection
	GlobalSection(ExtensibilityGlobals) = postSolution
		SolutionGuid = {7F148A69-A241-4191-B2AA-06F92B647669}
	EndGlobalSection
EndGlobal
